// !$*UTF8*$!
{
	archiveVersion = 1;
	classes = {
	};
	objectVersion = 50;
	objects = {

/* Begin PBXBuildFile section */
		4639746B2406B58100EE78F7 /* Data.swift in Sources */ = {isa = PBXBuildFile; fileRef = 4639746A2406B58100EE78F7 /* Data.swift */; };
		4639747A2406B89A00EE78F7 /* turtlerock.jpg in Resources */ = {isa = PBXBuildFile; fileRef = 4639746D2406B89900EE78F7 /* turtlerock.jpg */; };
		4639747B2406B89A00EE78F7 /* silversalmoncreek.jpg in Resources */ = {isa = PBXBuildFile; fileRef = 4639746E2406B89A00EE78F7 /* silversalmoncreek.jpg */; };
		4639747C2406B89A00EE78F7 /* icybay.jpg in Resources */ = {isa = PBXBuildFile; fileRef = 4639746F2406B89A00EE78F7 /* icybay.jpg */; };
		4639747D2406B89A00EE78F7 /* lakemcdonald.jpg in Resources */ = {isa = PBXBuildFile; fileRef = 463974702406B89A00EE78F7 /* lakemcdonald.jpg */; };
		4639747E2406B89A00EE78F7 /* hiddenlake.jpg in Resources */ = {isa = PBXBuildFile; fileRef = 463974712406B89A00EE78F7 /* hiddenlake.jpg */; };
		4639747F2406B89A00EE78F7 /* twinlake.jpg in Resources */ = {isa = PBXBuildFile; fileRef = 463974722406B89A00EE78F7 /* twinlake.jpg */; };
		463974802406B89A00EE78F7 /* umbagog.jpg in Resources */ = {isa = PBXBuildFile; fileRef = 463974732406B89A00EE78F7 /* umbagog.jpg */; };
		463974812406B89A00EE78F7 /* landmarkData.json in Resources */ = {isa = PBXBuildFile; fileRef = 463974742406B89A00EE78F7 /* landmarkData.json */; };
		463974822406B89A00EE78F7 /* chincoteague.jpg in Resources */ = {isa = PBXBuildFile; fileRef = 463974752406B89A00EE78F7 /* chincoteague.jpg */; };
		463974832406B89A00EE78F7 /* yukon_charleyrivers.jpg in Resources */ = {isa = PBXBuildFile; fileRef = 463974762406B89A00EE78F7 /* yukon_charleyrivers.jpg */; };
		463974842406B89A00EE78F7 /* stmarylake.jpg in Resources */ = {isa = PBXBuildFile; fileRef = 463974772406B89A00EE78F7 /* stmarylake.jpg */; };
		463974852406B89A00EE78F7 /* chilkoottrail.jpg in Resources */ = {isa = PBXBuildFile; fileRef = 463974782406B89A00EE78F7 /* chilkoottrail.jpg */; };
		463974862406B89A00EE78F7 /* rainbowlake.jpg in Resources */ = {isa = PBXBuildFile; fileRef = 463974792406B89A00EE78F7 /* rainbowlake.jpg */; };
		463974882406B9C500EE78F7 /* LandmarkRow.swift in Sources */ = {isa = PBXBuildFile; fileRef = 463974872406B9C500EE78F7 /* LandmarkRow.swift */; };
		4639748E2406BCE600EE78F7 /* Apple_documentationTests.swift in Sources */ = {isa = PBXBuildFile; fileRef = 4680ED7D24034D060042EA2E /* Apple_documentationTests.swift */; };
		4663826D240373B300A55CD4 /* CircleImage.swift in Sources */ = {isa = PBXBuildFile; fileRef = 4663826C240373B300A55CD4 /* CircleImage.swift */; };
		4663826F2403745100A55CD4 /* Assets.xcassets in Resources */ = {isa = PBXBuildFile; fileRef = 4663826E2403745100A55CD4 /* Assets.xcassets */; };
		46638271240376C900A55CD4 /* MapView.swift in Sources */ = {isa = PBXBuildFile; fileRef = 46638270240376C900A55CD4 /* MapView.swift */; };
		4663827524038B8700A55CD4 /* Landmark.swift in Sources */ = {isa = PBXBuildFile; fileRef = 4663827424038B8700A55CD4 /* Landmark.swift */; };
		4680ED6724034D020042EA2E /* AppDelegate.swift in Sources */ = {isa = PBXBuildFile; fileRef = 4680ED6624034D020042EA2E /* AppDelegate.swift */; };
		4680ED6924034D020042EA2E /* SceneDelegate.swift in Sources */ = {isa = PBXBuildFile; fileRef = 4680ED6824034D020042EA2E /* SceneDelegate.swift */; };
		4680ED6B24034D020042EA2E /* LandmarkDetail.swift in Sources */ = {isa = PBXBuildFile; fileRef = 4680ED6A24034D020042EA2E /* LandmarkDetail.swift */; };
		4680ED7024034D060042EA2E /* Preview Assets.xcassets in Resources */ = {isa = PBXBuildFile; fileRef = 4680ED6F24034D060042EA2E /* Preview Assets.xcassets */; };
		4680ED7324034D060042EA2E /* LaunchScreen.storyboard in Resources */ = {isa = PBXBuildFile; fileRef = 4680ED7124034D060042EA2E /* LaunchScreen.storyboard */; };
		4680ED8924034D060042EA2E /* Apple_documentationUITests.swift in Sources */ = {isa = PBXBuildFile; fileRef = 4680ED8824034D060042EA2E /* Apple_documentationUITests.swift */; };
/* End PBXBuildFile section */

/* Begin PBXContainerItemProxy section */
		4680ED7A24034D060042EA2E /* PBXContainerItemProxy */ = {
			isa = PBXContainerItemProxy;
			containerPortal = 4680ED5B24034D020042EA2E /* Project object */;
			proxyType = 1;
			remoteGlobalIDString = 4680ED6224034D020042EA2E;
			remoteInfo = "Apple-documentation";
		};
		4680ED8524034D060042EA2E /* PBXContainerItemProxy */ = {
			isa = PBXContainerItemProxy;
			containerPortal = 4680ED5B24034D020042EA2E /* Project object */;
			proxyType = 1;
			remoteGlobalIDString = 4680ED6224034D020042EA2E;
			remoteInfo = "Apple-documentation";
		};
/* End PBXContainerItemProxy section */

/* Begin PBXFileReference section */
		4639746A2406B58100EE78F7 /* Data.swift */ = {isa = PBXFileReference; lastKnownFileType = sourcecode.swift; path = Data.swift; sourceTree = "<group>"; };
		4639746D2406B89900EE78F7 /* turtlerock.jpg */ = {isa = PBXFileReference; lastKnownFileType = image.jpeg; path = turtlerock.jpg; sourceTree = "<group>"; };
		4639746E2406B89A00EE78F7 /* silversalmoncreek.jpg */ = {isa = PBXFileReference; lastKnownFileType = image.jpeg; path = silversalmoncreek.jpg; sourceTree = "<group>"; };
		4639746F2406B89A00EE78F7 /* icybay.jpg */ = {isa = PBXFileReference; lastKnownFileType = image.jpeg; path = icybay.jpg; sourceTree = "<group>"; };
		463974702406B89A00EE78F7 /* lakemcdonald.jpg */ = {isa = PBXFileReference; lastKnownFileType = image.jpeg; path = lakemcdonald.jpg; sourceTree = "<group>"; };
		463974712406B89A00EE78F7 /* hiddenlake.jpg */ = {isa = PBXFileReference; lastKnownFileType = image.jpeg; path = hiddenlake.jpg; sourceTree = "<group>"; };
		463974722406B89A00EE78F7 /* twinlake.jpg */ = {isa = PBXFileReference; lastKnownFileType = image.jpeg; path = twinlake.jpg; sourceTree = "<group>"; };
		463974732406B89A00EE78F7 /* umbagog.jpg */ = {isa = PBXFileReference; lastKnownFileType = image.jpeg; path = umbagog.jpg; sourceTree = "<group>"; };
		463974742406B89A00EE78F7 /* landmarkData.json */ = {isa = PBXFileReference; fileEncoding = 4; lastKnownFileType = text.json; path = landmarkData.json; sourceTree = "<group>"; };
		463974752406B89A00EE78F7 /* chincoteague.jpg */ = {isa = PBXFileReference; lastKnownFileType = image.jpeg; path = chincoteague.jpg; sourceTree = "<group>"; };
		463974762406B89A00EE78F7 /* yukon_charleyrivers.jpg */ = {isa = PBXFileReference; lastKnownFileType = image.jpeg; path = yukon_charleyrivers.jpg; sourceTree = "<group>"; };
		463974772406B89A00EE78F7 /* stmarylake.jpg */ = {isa = PBXFileReference; lastKnownFileType = image.jpeg; path = stmarylake.jpg; sourceTree = "<group>"; };
		463974782406B89A00EE78F7 /* chilkoottrail.jpg */ = {isa = PBXFileReference; lastKnownFileType = image.jpeg; path = chilkoottrail.jpg; sourceTree = "<group>"; };
		463974792406B89A00EE78F7 /* rainbowlake.jpg */ = {isa = PBXFileReference; lastKnownFileType = image.jpeg; path = rainbowlake.jpg; sourceTree = "<group>"; };
		463974872406B9C500EE78F7 /* LandmarkRow.swift */ = {isa = PBXFileReference; lastKnownFileType = sourcecode.swift; path = LandmarkRow.swift; sourceTree = "<group>"; };
		4663826C240373B300A55CD4 /* CircleImage.swift */ = {isa = PBXFileReference; lastKnownFileType = sourcecode.swift; path = CircleImage.swift; sourceTree = "<group>"; };
		4663826E2403745100A55CD4 /* Assets.xcassets */ = {isa = PBXFileReference; lastKnownFileType = folder.assetcatalog; name = Assets.xcassets; path = "../../../../../Downloads/AppIcons-3/Assets.xcassets"; sourceTree = "<group>"; };
		46638270240376C900A55CD4 /* MapView.swift */ = {isa = PBXFileReference; lastKnownFileType = sourcecode.swift; path = MapView.swift; sourceTree = "<group>"; };
		4663827424038B8700A55CD4 /* Landmark.swift */ = {isa = PBXFileReference; lastKnownFileType = sourcecode.swift; path = Landmark.swift; sourceTree = "<group>"; };
		4680ED6324034D020042EA2E /* Apple-documentation.app */ = {isa = PBXFileReference; explicitFileType = wrapper.application; includeInIndex = 0; path = "Apple-documentation.app"; sourceTree = BUILT_PRODUCTS_DIR; };
		4680ED6624034D020042EA2E /* AppDelegate.swift */ = {isa = PBXFileReference; lastKnownFileType = sourcecode.swift; path = AppDelegate.swift; sourceTree = "<group>"; };
		4680ED6824034D020042EA2E /* SceneDelegate.swift */ = {isa = PBXFileReference; lastKnownFileType = sourcecode.swift; path = SceneDelegate.swift; sourceTree = "<group>"; };
		4680ED6A24034D020042EA2E /* LandmarkDetail.swift */ = {isa = PBXFileReference; lastKnownFileType = sourcecode.swift; path = LandmarkDetail.swift; sourceTree = "<group>"; };
		4680ED6F24034D060042EA2E /* Preview Assets.xcassets */ = {isa = PBXFileReference; lastKnownFileType = folder.assetcatalog; path = "Preview Assets.xcassets"; sourceTree = "<group>"; };
		4680ED7224034D060042EA2E /* Base */ = {isa = PBXFileReference; lastKnownFileType = file.storyboard; name = Base; path = Base.lproj/LaunchScreen.storyboard; sourceTree = "<group>"; };
		4680ED7424034D060042EA2E /* Info.plist */ = {isa = PBXFileReference; lastKnownFileType = text.plist.xml; path = Info.plist; sourceTree = "<group>"; };
		4680ED7924034D060042EA2E /* Apple-documentationTests.xctest */ = {isa = PBXFileReference; explicitFileType = wrapper.cfbundle; includeInIndex = 0; path = "Apple-documentationTests.xctest"; sourceTree = BUILT_PRODUCTS_DIR; };
		4680ED7D24034D060042EA2E /* Apple_documentationTests.swift */ = {isa = PBXFileReference; lastKnownFileType = sourcecode.swift; path = Apple_documentationTests.swift; sourceTree = "<group>"; };
		4680ED7F24034D060042EA2E /* Info.plist */ = {isa = PBXFileReference; lastKnownFileType = text.plist.xml; path = Info.plist; sourceTree = "<group>"; };
		4680ED8424034D060042EA2E /* Apple-documentationUITests.xctest */ = {isa = PBXFileReference; explicitFileType = wrapper.cfbundle; includeInIndex = 0; path = "Apple-documentationUITests.xctest"; sourceTree = BUILT_PRODUCTS_DIR; };
		4680ED8824034D060042EA2E /* Apple_documentationUITests.swift */ = {isa = PBXFileReference; lastKnownFileType = sourcecode.swift; path = Apple_documentationUITests.swift; sourceTree = "<group>"; };
		4680ED8A24034D060042EA2E /* Info.plist */ = {isa = PBXFileReference; lastKnownFileType = text.plist.xml; path = Info.plist; sourceTree = "<group>"; };
/* End PBXFileReference section */

/* Begin PBXFrameworksBuildPhase section */
		4680ED6024034D020042EA2E /* Frameworks */ = {
			isa = PBXFrameworksBuildPhase;
			buildActionMask = 2147483647;
			files = (
			);
			runOnlyForDeploymentPostprocessing = 0;
		};
		4680ED7624034D060042EA2E /* Frameworks */ = {
			isa = PBXFrameworksBuildPhase;
			buildActionMask = 2147483647;
			files = (
			);
			runOnlyForDeploymentPostprocessing = 0;
		};
		4680ED8124034D060042EA2E /* Frameworks */ = {
			isa = PBXFrameworksBuildPhase;
			buildActionMask = 2147483647;
			files = (
			);
			runOnlyForDeploymentPostprocessing = 0;
		};
/* End PBXFrameworksBuildPhase section */

/* Begin PBXGroup section */
		4639746C2406B89900EE78F7 /* Resources */ = {
			isa = PBXGroup;
			children = (
				4639746D2406B89900EE78F7 /* turtlerock.jpg */,
				4639746E2406B89A00EE78F7 /* silversalmoncreek.jpg */,
				4639746F2406B89A00EE78F7 /* icybay.jpg */,
				463974702406B89A00EE78F7 /* lakemcdonald.jpg */,
				463974712406B89A00EE78F7 /* hiddenlake.jpg */,
				463974722406B89A00EE78F7 /* twinlake.jpg */,
				463974732406B89A00EE78F7 /* umbagog.jpg */,
				463974742406B89A00EE78F7 /* landmarkData.json */,
				463974752406B89A00EE78F7 /* chincoteague.jpg */,
				463974762406B89A00EE78F7 /* yukon_charleyrivers.jpg */,
				463974772406B89A00EE78F7 /* stmarylake.jpg */,
				463974782406B89A00EE78F7 /* chilkoottrail.jpg */,
				463974792406B89A00EE78F7 /* rainbowlake.jpg */,
			);
			path = Resources;
			sourceTree = SOURCE_ROOT;
		};
		466382692403733600A55CD4 /* Model */ = {
			isa = PBXGroup;
			children = (
				4680ED6A24034D020042EA2E /* LandmarkDetail.swift */,
				4663826C240373B300A55CD4 /* CircleImage.swift */,
				46638270240376C900A55CD4 /* MapView.swift */,
				4663827424038B8700A55CD4 /* Landmark.swift */,
				4639746A2406B58100EE78F7 /* Data.swift */,
				463974872406B9C500EE78F7 /* LandmarkRow.swift */,
			);
			path = Model;
			sourceTree = "<group>";
		};
		4680ED5A24034D020042EA2E = {
			isa = PBXGroup;
			children = (
				4680ED6524034D020042EA2E /* Apple-documentation */,
				4680ED7C24034D060042EA2E /* Apple-documentationTests */,
				4680ED8724034D060042EA2E /* Apple-documentationUITests */,
				4680ED6424034D020042EA2E /* Products */,
			);
			sourceTree = "<group>";
		};
		4680ED6424034D020042EA2E /* Products */ = {
			isa = PBXGroup;
			children = (
				4680ED6324034D020042EA2E /* Apple-documentation.app */,
				4680ED7924034D060042EA2E /* Apple-documentationTests.xctest */,
				4680ED8424034D060042EA2E /* Apple-documentationUITests.xctest */,
			);
			name = Products;
			sourceTree = "<group>";
		};
		4680ED6524034D020042EA2E /* Apple-documentation */ = {
			isa = PBXGroup;
			children = (
				466382692403733600A55CD4 /* Model */,
				4663826E2403745100A55CD4 /* Assets.xcassets */,
				4680ED6624034D020042EA2E /* AppDelegate.swift */,
				4680ED6824034D020042EA2E /* SceneDelegate.swift */,
				4680ED7124034D060042EA2E /* LaunchScreen.storyboard */,
				4680ED7424034D060042EA2E /* Info.plist */,
				4639746C2406B89900EE78F7 /* Resources */,
				4680ED6E24034D060042EA2E /* Preview Content */,
			);
			path = "Apple-documentation";
			sourceTree = "<group>";
		};
		4680ED6E24034D060042EA2E /* Preview Content */ = {
			isa = PBXGroup;
			children = (
				4680ED6F24034D060042EA2E /* Preview Assets.xcassets */,
			);
			path = "Preview Content";
			sourceTree = "<group>";
		};
		4680ED7C24034D060042EA2E /* Apple-documentationTests */ = {
			isa = PBXGroup;
			children = (
				4680ED7D24034D060042EA2E /* Apple_documentationTests.swift */,
				4680ED7F24034D060042EA2E /* Info.plist */,
			);
			path = "Apple-documentationTests";
			sourceTree = "<group>";
		};
		4680ED8724034D060042EA2E /* Apple-documentationUITests */ = {
			isa = PBXGroup;
			children = (
				4680ED8824034D060042EA2E /* Apple_documentationUITests.swift */,
				4680ED8A24034D060042EA2E /* Info.plist */,
			);
			path = "Apple-documentationUITests";
			sourceTree = "<group>";
		};
/* End PBXGroup section */

/* Begin PBXNativeTarget section */
		4680ED6224034D020042EA2E /* Apple-documentation */ = {
			isa = PBXNativeTarget;
			buildConfigurationList = 4680ED8D24034D060042EA2E /* Build configuration list for PBXNativeTarget "Apple-documentation" */;
			buildPhases = (
				4680ED5F24034D020042EA2E /* Sources */,
				4680ED6024034D020042EA2E /* Frameworks */,
				4680ED6124034D020042EA2E /* Resources */,
			);
			buildRules = (
			);
			dependencies = (
			);
			name = "Apple-documentation";
			productName = "Apple-documentation";
			productReference = 4680ED6324034D020042EA2E /* Apple-documentation.app */;
			productType = "com.apple.product-type.application";
		};
		4680ED7824034D060042EA2E /* Apple-documentationTests */ = {
			isa = PBXNativeTarget;
			buildConfigurationList = 4680ED9024034D060042EA2E /* Build configuration list for PBXNativeTarget "Apple-documentationTests" */;
			buildPhases = (
				4680ED7524034D060042EA2E /* Sources */,
				4680ED7624034D060042EA2E /* Frameworks */,
				4680ED7724034D060042EA2E /* Resources */,
			);
			buildRules = (
			);
			dependencies = (
				4680ED7B24034D060042EA2E /* PBXTargetDependency */,
			);
			name = "Apple-documentationTests";
			productName = "Apple-documentationTests";
			productReference = 4680ED7924034D060042EA2E /* Apple-documentationTests.xctest */;
			productType = "com.apple.product-type.bundle.unit-test";
		};
		4680ED8324034D060042EA2E /* Apple-documentationUITests */ = {
			isa = PBXNativeTarget;
			buildConfigurationList = 4680ED9324034D060042EA2E /* Build configuration list for PBXNativeTarget "Apple-documentationUITests" */;
			buildPhases = (
				4680ED8024034D060042EA2E /* Sources */,
				4680ED8124034D060042EA2E /* Frameworks */,
				4680ED8224034D060042EA2E /* Resources */,
			);
			buildRules = (
			);
			dependencies = (
				4680ED8624034D060042EA2E /* PBXTargetDependency */,
			);
			name = "Apple-documentationUITests";
			productName = "Apple-documentationUITests";
			productReference = 4680ED8424034D060042EA2E /* Apple-documentationUITests.xctest */;
			productType = "com.apple.product-type.bundle.ui-testing";
		};
/* End PBXNativeTarget section */

/* Begin PBXProject section */
		4680ED5B24034D020042EA2E /* Project object */ = {
			isa = PBXProject;
			attributes = {
				LastSwiftUpdateCheck = 1130;
				LastUpgradeCheck = 1130;
				ORGANIZATIONNAME = "Shalini Garikapaty";
				TargetAttributes = {
					4680ED6224034D020042EA2E = {
						CreatedOnToolsVersion = 11.3.1;
					};
					4680ED7824034D060042EA2E = {
						CreatedOnToolsVersion = 11.3.1;
						TestTargetID = 4680ED6224034D020042EA2E;
					};
					4680ED8324034D060042EA2E = {
						CreatedOnToolsVersion = 11.3.1;
						TestTargetID = 4680ED6224034D020042EA2E;
					};
				};
			};
			buildConfigurationList = 4680ED5E24034D020042EA2E /* Build configuration list for PBXProject "Apple-documentation" */;
			compatibilityVersion = "Xcode 9.3";
			developmentRegion = en;
			hasScannedForEncodings = 0;
			knownRegions = (
				en,
				Base,
			);
			mainGroup = 4680ED5A24034D020042EA2E;
			productRefGroup = 4680ED6424034D020042EA2E /* Products */;
			projectDirPath = "";
			projectRoot = "";
			targets = (
				4680ED6224034D020042EA2E /* Apple-documentation */,
				4680ED7824034D060042EA2E /* Apple-documentationTests */,
				4680ED8324034D060042EA2E /* Apple-documentationUITests */,
			);
		};
/* End PBXProject section */

/* Begin PBXResourcesBuildPhase section */
		4680ED6124034D020042EA2E /* Resources */ = {
			isa = PBXResourcesBuildPhase;
			buildActionMask = 2147483647;
			files = (
				4639747D2406B89A00EE78F7 /* lakemcdonald.jpg in Resources */,
				4639747B2406B89A00EE78F7 /* silversalmoncreek.jpg in Resources */,
				463974812406B89A00EE78F7 /* landmarkData.json in Resources */,
				4639747A2406B89A00EE78F7 /* turtlerock.jpg in Resources */,
				4680ED7324034D060042EA2E /* LaunchScreen.storyboard in Resources */,
				463974802406B89A00EE78F7 /* umbagog.jpg in Resources */,
				463974842406B89A00EE78F7 /* stmarylake.jpg in Resources */,
				463974822406B89A00EE78F7 /* chincoteague.jpg in Resources */,
				4680ED7024034D060042EA2E /* Preview Assets.xcassets in Resources */,
				4639747C2406B89A00EE78F7 /* icybay.jpg in Resources */,
				4639747F2406B89A00EE78F7 /* twinlake.jpg in Resources */,
				4639747E2406B89A00EE78F7 /* hiddenlake.jpg in Resources */,
				4663826F2403745100A55CD4 /* Assets.xcassets in Resources */,
				463974862406B89A00EE78F7 /* rainbowlake.jpg in Resources */,
				463974852406B89A00EE78F7 /* chilkoottrail.jpg in Resources */,
				463974832406B89A00EE78F7 /* yukon_charleyrivers.jpg in Resources */,
			);
			runOnlyForDeploymentPostprocessing = 0;
		};
		4680ED7724034D060042EA2E /* Resources */ = {
			isa = PBXResourcesBuildPhase;
			buildActionMask = 2147483647;
			files = (
			);
			runOnlyForDeploymentPostprocessing = 0;
		};
		4680ED8224034D060042EA2E /* Resources */ = {
			isa = PBXResourcesBuildPhase;
			buildActionMask = 2147483647;
			files = (
			);
			runOnlyForDeploymentPostprocessing = 0;
		};
/* End PBXResourcesBuildPhase section */

/* Begin PBXSourcesBuildPhase section */
		4680ED5F24034D020042EA2E /* Sources */ = {
			isa = PBXSourcesBuildPhase;
			buildActionMask = 2147483647;
			files = (
				4639746B2406B58100EE78F7 /* Data.swift in Sources */,
				4680ED6724034D020042EA2E /* AppDelegate.swift in Sources */,
				4663826D240373B300A55CD4 /* CircleImage.swift in Sources */,
				46638271240376C900A55CD4 /* MapView.swift in Sources */,
				4680ED6924034D020042EA2E /* SceneDelegate.swift in Sources */,
				4680ED6B24034D020042EA2E /* LandmarkDetail.swift in Sources */,
				463974882406B9C500EE78F7 /* LandmarkRow.swift in Sources */,
				4663827524038B8700A55CD4 /* Landmark.swift in Sources */,
			);
			runOnlyForDeploymentPostprocessing = 0;
		};
		4680ED7524034D060042EA2E /* Sources */ = {
			isa = PBXSourcesBuildPhase;
			buildActionMask = 2147483647;
			files = (
				4639748E2406BCE600EE78F7 /* Apple_documentationTests.swift in Sources */,
			);
			runOnlyForDeploymentPostprocessing = 0;
		};
		4680ED8024034D060042EA2E /* Sources */ = {
			isa = PBXSourcesBuildPhase;
			buildActionMask = 2147483647;
			files = (
				4680ED8924034D060042EA2E /* Apple_documentationUITests.swift in Sources */,
			);
			runOnlyForDeploymentPostprocessing = 0;
		};
/* End PBXSourcesBuildPhase section */

/* Begin PBXTargetDependency section */
		4680ED7B24034D060042EA2E /* PBXTargetDependency */ = {
			isa = PBXTargetDependency;
			target = 4680ED6224034D020042EA2E /* Apple-documentation */;
			targetProxy = 4680ED7A24034D060042EA2E /* PBXContainerItemProxy */;
		};
		4680ED8624034D060042EA2E /* PBXTargetDependency */ = {
			isa = PBXTargetDependency;
			target = 4680ED6224034D020042EA2E /* Apple-documentation */;
			targetProxy = 4680ED8524034D060042EA2E /* PBXContainerItemProxy */;
		};
/* End PBXTargetDependency section */

/* Begin PBXVariantGroup section */
		4680ED7124034D060042EA2E /* LaunchScreen.storyboard */ = {
			isa = PBXVariantGroup;
			children = (
				4680ED7224034D060042EA2E /* Base */,
			);
			name = LaunchScreen.storyboard;
			sourceTree = "<group>";
		};
/* End PBXVariantGroup section */

/* Begin XCBuildConfiguration section */
		4680ED8B24034D060042EA2E /* Debug */ = {
			isa = XCBuildConfiguration;
			buildSettings = {
				ALWAYS_SEARCH_USER_PATHS = NO;
				CLANG_ANALYZER_NONNULL = YES;
				CLANG_ANALYZER_NUMBER_OBJECT_CONVERSION = YES_AGGRESSIVE;
				CLANG_CXX_LANGUAGE_STANDARD = "gnu++14";
				CLANG_CXX_LIBRARY = "libc++";
				CLANG_ENABLE_MODULES = YES;
				CLANG_ENABLE_OBJC_ARC = YES;
				CLANG_ENABLE_OBJC_WEAK = YES;
				CLANG_WARN_BLOCK_CAPTURE_AUTORELEASING = YES;
				CLANG_WARN_BOOL_CONVERSION = YES;
				CLANG_WARN_COMMA = YES;
				CLANG_WARN_CONSTANT_CONVERSION = YES;
				CLANG_WARN_DEPRECATED_OBJC_IMPLEMENTATIONS = YES;
				CLANG_WARN_DIRECT_OBJC_ISA_USAGE = YES_ERROR;
				CLANG_WARN_DOCUMENTATION_COMMENTS = YES;
				CLANG_WARN_EMPTY_BODY = YES;
				CLANG_WARN_ENUM_CONVERSION = YES;
				CLANG_WARN_INFINITE_RECURSION = YES;
				CLANG_WARN_INT_CONVERSION = YES;
				CLANG_WARN_NON_LITERAL_NULL_CONVERSION = YES;
				CLANG_WARN_OBJC_IMPLICIT_RETAIN_SELF = YES;
				CLANG_WARN_OBJC_LITERAL_CONVERSION = YES;
				CLANG_WARN_OBJC_ROOT_CLASS = YES_ERROR;
				CLANG_WARN_RANGE_LOOP_ANALYSIS = YES;
				CLANG_WARN_STRICT_PROTOTYPES = YES;
				CLANG_WARN_SUSPICIOUS_MOVE = YES;
				CLANG_WARN_UNGUARDED_AVAILABILITY = YES_AGGRESSIVE;
				CLANG_WARN_UNREACHABLE_CODE = YES;
				CLANG_WARN__DUPLICATE_METHOD_MATCH = YES;
				COPY_PHASE_STRIP = NO;
				DEBUG_INFORMATION_FORMAT = dwarf;
				ENABLE_STRICT_OBJC_MSGSEND = YES;
				ENABLE_TESTABILITY = YES;
				GCC_C_LANGUAGE_STANDARD = gnu11;
				GCC_DYNAMIC_NO_PIC = NO;
				GCC_NO_COMMON_BLOCKS = YES;
				GCC_OPTIMIZATION_LEVEL = 0;
				GCC_PREPROCESSOR_DEFINITIONS = (
					"DEBUG=1",
					"$(inherited)",
				);
				GCC_WARN_64_TO_32_BIT_CONVERSION = YES;
				GCC_WARN_ABOUT_RETURN_TYPE = YES_ERROR;
				GCC_WARN_UNDECLARED_SELECTOR = YES;
				GCC_WARN_UNINITIALIZED_AUTOS = YES_AGGRESSIVE;
				GCC_WARN_UNUSED_FUNCTION = YES;
				GCC_WARN_UNUSED_VARIABLE = YES;
				IPHONEOS_DEPLOYMENT_TARGET = 13.2;
				MTL_ENABLE_DEBUG_INFO = INCLUDE_SOURCE;
				MTL_FAST_MATH = YES;
				ONLY_ACTIVE_ARCH = YES;
				SDKROOT = iphoneos;
				SWIFT_ACTIVE_COMPILATION_CONDITIONS = DEBUG;
				SWIFT_OPTIMIZATION_LEVEL = "-Onone";
			};
			name = Debug;
		};
		4680ED8C24034D060042EA2E /* Release */ = {
			isa = XCBuildConfiguration;
			buildSettings = {
				ALWAYS_SEARCH_USER_PATHS = NO;
				CLANG_ANALYZER_NONNULL = YES;
				CLANG_ANALYZER_NUMBER_OBJECT_CONVERSION = YES_AGGRESSIVE;
				CLANG_CXX_LANGUAGE_STANDARD = "gnu++14";
				CLANG_CXX_LIBRARY = "libc++";
				CLANG_ENABLE_MODULES = YES;
				CLANG_ENABLE_OBJC_ARC = YES;
				CLANG_ENABLE_OBJC_WEAK = YES;
				CLANG_WARN_BLOCK_CAPTURE_AUTORELEASING = YES;
				CLANG_WARN_BOOL_CONVERSION = YES;
				CLANG_WARN_COMMA = YES;
				CLANG_WARN_CONSTANT_CONVERSION = YES;
				CLANG_WARN_DEPRECATED_OBJC_IMPLEMENTATIONS = YES;
				CLANG_WARN_DIRECT_OBJC_ISA_USAGE = YES_ERROR;
				CLANG_WARN_DOCUMENTATION_COMMENTS = YES;
				CLANG_WARN_EMPTY_BODY = YES;
				CLANG_WARN_ENUM_CONVERSION = YES;
				CLANG_WARN_INFINITE_RECURSION = YES;
				CLANG_WARN_INT_CONVERSION = YES;
				CLANG_WARN_NON_LITERAL_NULL_CONVERSION = YES;
				CLANG_WARN_OBJC_IMPLICIT_RETAIN_SELF = YES;
				CLANG_WARN_OBJC_LITERAL_CONVERSION = YES;
				CLANG_WARN_OBJC_ROOT_CLASS = YES_ERROR;
				CLANG_WARN_RANGE_LOOP_ANALYSIS = YES;
				CLANG_WARN_STRICT_PROTOTYPES = YES;
				CLANG_WARN_SUSPICIOUS_MOVE = YES;
				CLANG_WARN_UNGUARDED_AVAILABILITY = YES_AGGRESSIVE;
				CLANG_WARN_UNREACHABLE_CODE = YES;
				CLANG_WARN__DUPLICATE_METHOD_MATCH = YES;
				COPY_PHASE_STRIP = NO;
				DEBUG_INFORMATION_FORMAT = "dwarf-with-dsym";
				ENABLE_NS_ASSERTIONS = NO;
				ENABLE_STRICT_OBJC_MSGSEND = YES;
				GCC_C_LANGUAGE_STANDARD = gnu11;
				GCC_NO_COMMON_BLOCKS = YES;
				GCC_WARN_64_TO_32_BIT_CONVERSION = YES;
				GCC_WARN_ABOUT_RETURN_TYPE = YES_ERROR;
				GCC_WARN_UNDECLARED_SELECTOR = YES;
				GCC_WARN_UNINITIALIZED_AUTOS = YES_AGGRESSIVE;
				GCC_WARN_UNUSED_FUNCTION = YES;
				GCC_WARN_UNUSED_VARIABLE = YES;
				IPHONEOS_DEPLOYMENT_TARGET = 13.2;
				MTL_ENABLE_DEBUG_INFO = NO;
				MTL_FAST_MATH = YES;
				SDKROOT = iphoneos;
				SWIFT_COMPILATION_MODE = wholemodule;
				SWIFT_OPTIMIZATION_LEVEL = "-O";
				VALIDATE_PRODUCT = YES;
			};
			name = Release;
		};
		4680ED8E24034D060042EA2E /* Debug */ = {
			isa = XCBuildConfiguration;
			buildSettings = {
				ASSETCATALOG_COMPILER_APPICON_NAME = AppIcon;
				CODE_SIGN_STYLE = Automatic;
				DEVELOPMENT_ASSET_PATHS = "\"Apple-documentation/Preview Content\"";
				ENABLE_PREVIEWS = YES;
				INFOPLIST_FILE = "Apple-documentation/Info.plist";
				LD_RUNPATH_SEARCH_PATHS = (
					"$(inherited)",
					"@executable_path/Frameworks",
				);
				PRODUCT_BUNDLE_IDENTIFIER = "assignment.Apple-documentation";
				PRODUCT_NAME = "$(TARGET_NAME)";
				SWIFT_VERSION = 5.0;
				TARGETED_DEVICE_FAMILY = "1,2";
			};
			name = Debug;
		};
		4680ED8F24034D060042EA2E /* Release */ = {
			isa = XCBuildConfiguration;
			buildSettings = {
				ASSETCATALOG_COMPILER_APPICON_NAME = AppIcon;
				CODE_SIGN_STYLE = Automatic;
				DEVELOPMENT_ASSET_PATHS = "\"Apple-documentation/Preview Content\"";
				ENABLE_PREVIEWS = YES;
				INFOPLIST_FILE = "Apple-documentation/Info.plist";
				LD_RUNPATH_SEARCH_PATHS = (
					"$(inherited)",
					"@executable_path/Frameworks",
				);
				PRODUCT_BUNDLE_IDENTIFIER = "assignment.Apple-documentation";
				PRODUCT_NAME = "$(TARGET_NAME)";
				SWIFT_VERSION = 5.0;
				TARGETED_DEVICE_FAMILY = "1,2";
			};
			name = Release;
		};
		4680ED9124034D060042EA2E /* Debug */ = {
			isa = XCBuildConfiguration;
			buildSettings = {
				ALWAYS_EMBED_SWIFT_STANDARD_LIBRARIES = YES;
				BUNDLE_LOADER = "$(TEST_HOST)";
				CODE_SIGN_STYLE = Automatic;
				INFOPLIST_FILE = "Apple-documentationTests/Info.plist";
				IPHONEOS_DEPLOYMENT_TARGET = 13.2;
				LD_RUNPATH_SEARCH_PATHS = (
					"$(inherited)",
					"@executable_path/Frameworks",
					"@loader_path/Frameworks",
				);
				PRODUCT_BUNDLE_IDENTIFIER = "assignment.Apple-documentationTests";
				PRODUCT_NAME = "$(TARGET_NAME)";
				SWIFT_VERSION = 5.0;
				TARGETED_DEVICE_FAMILY = "1,2";
				TEST_HOST = "$(BUILT_PRODUCTS_DIR)/Apple-documentation.app/Apple-documentation";
			};
			name = Debug;
		};
		4680ED9224034D060042EA2E /* Release */ = {
			isa = XCBuildConfiguration;
			buildSettings = {
				ALWAYS_EMBED_SWIFT_STANDARD_LIBRARIES = YES;
				BUNDLE_LOADER = "$(TEST_HOST)";
				CODE_SIGN_STYLE = Automatic;
				INFOPLIST_FILE = "Apple-documentationTests/Info.plist";
				IPHONEOS_DEPLOYMENT_TARGET = 13.2;
				LD_RUNPATH_SEARCH_PATHS = (
					"$(inherited)",
					"@executable_path/Frameworks",
					"@loader_path/Frameworks",
				);
				PRODUCT_BUNDLE_IDENTIFIER = "assignment.Apple-documentationTests";
				PRODUCT_NAME = "$(TARGET_NAME)";
				SWIFT_VERSION = 5.0;
				TARGETED_DEVICE_FAMILY = "1,2";
				TEST_HOST = "$(BUILT_PRODUCTS_DIR)/Apple-documentation.app/Apple-documentation";
			};
			name = Release;
		};
		4680ED9424034D060042EA2E /* Debug */ = {
			isa = XCBuildConfiguration;
			buildSettings = {
				ALWAYS_EMBED_SWIFT_STANDARD_LIBRARIES = YES;
				CODE_SIGN_STYLE = Automatic;
				INFOPLIST_FILE = "Apple-documentationUITests/Info.plist";
				LD_RUNPATH_SEARCH_PATHS = (
					"$(inherited)",
					"@executable_path/Frameworks",
					"@loader_path/Frameworks",
				);
				PRODUCT_BUNDLE_IDENTIFIER = "assignment.Apple-documentationUITests";
				PRODUCT_NAME = "$(TARGET_NAME)";
				SWIFT_VERSION = 5.0;
				TARGETED_DEVICE_FAMILY = "1,2";
				TEST_TARGET_NAME = "Apple-documentation";
			};
			name = Debug;
		};
		4680ED9524034D060042EA2E /* Release */ = {
			isa = XCBuildConfiguration;
			buildSettings = {
				ALWAYS_EMBED_SWIFT_STANDARD_LIBRARIES = YES;
				CODE_SIGN_STYLE = Automatic;
				INFOPLIST_FILE = "Apple-documentationUITests/Info.plist";
				LD_RUNPATH_SEARCH_PATHS = (
					"$(inherited)",
					"@executable_path/Frameworks",
					"@loader_path/Frameworks",
				);
				PRODUCT_BUNDLE_IDENTIFIER = "assignment.Apple-documentationUITests";
				PRODUCT_NAME = "$(TARGET_NAME)";
				SWIFT_VERSION = 5.0;
				TARGETED_DEVICE_FAMILY = "1,2";
				TEST_TARGET_NAME = "Apple-documentation";
			};
			name = Release;
		};
/* End XCBuildConfiguration section */

/* Begin XCConfigurationList section */
		4680ED5E24034D020042EA2E /* Build configuration list for PBXProject "Apple-documentation" */ = {
			isa = XCConfigurationList;
			buildConfigurations = (
				4680ED8B24034D060042EA2E /* Debug */,
				4680ED8C24034D060042EA2E /* Release */,
			);
			defaultConfigurationIsVisible = 0;
			defaultConfigurationName = Release;
		};
		4680ED8D24034D060042EA2E /* Build configuration list for PBXNativeTarget "Apple-documentation" */ = {
			isa = XCConfigurationList;
			buildConfigurations = (
				4680ED8E24034D060042EA2E /* Debug */,
				4680ED8F24034D060042EA2E /* Release */,
			);
			defaultConfigurationIsVisible = 0;
			defaultConfigurationName = Release;
		};
		4680ED9024034D060042EA2E /* Build configuration list for PBXNativeTarget "Apple-documentationTests" */ = {
			isa = XCConfigurationList;
			buildConfigurations = (
				4680ED9124034D060042EA2E /* Debug */,
				4680ED9224034D060042EA2E /* Release */,
			);
			defaultConfigurationIsVisible = 0;
			defaultConfigurationName = Release;
		};
		4680ED9324034D060042EA2E /* Build configuration list for PBXNativeTarget "Apple-documentationUITests" */ = {
			isa = XCConfigurationList;
			buildConfigurations = (
				4680ED9424034D060042EA2E /* Debug */,
				4680ED9524034D060042EA2E /* Release */,
			);
			defaultConfigurationIsVisible = 0;
			defaultConfigurationName = Release;
		};
/* End XCConfigurationList section */
	};
	rootObject = 4680ED5B24034D020042EA2E /* Project object */;
}
